
Microsoft Visual Studio Solution File, Format Version 12.00
# Visual Studio Version 17
VisualStudioVersion = 17.8.34525.116
MinimumVisualStudioVersion = 10.0.40219.1
Project("{9A19103F-16F7-4668-BE54-9A1E7A4F7556}") = "TheoryProtocol", "TheoryProtocol\TheoryProtocol.csproj", "{7FCA3DC7-CA96-400A-97FA-6F7FF3FC297A}"
EndProject
Project("{9A19103F-16F7-4668-BE54-9A1E7A4F7556}") = "TheoryProtocol.Models", "TheoryProtocol.Models\TheoryProtocol.Models.csproj", "{1D88C360-7AEB-4F3F-A218-D576D19AA68C}"
EndProject
Global
	GlobalSection(SolutionConfigurationPlatforms) = preSolution
		Debug|Any CPU = Debug|Any CPU
		Release|Any CPU = Release|Any CPU
	EndGlobalSection
	GlobalSection(ProjectConfigurationPlatforms) = postSolution
		{7FCA3DC7-CA96-400A-97FA-6F7FF3FC297A}.Debug|Any CPU.ActiveCfg = Debug|Any CPU
		{7FCA3DC7-CA96-400A-97FA-6F7FF3FC297A}.Debug|Any CPU.Build.0 = Debug|Any CPU
		{7FCA3DC7-CA96-400A-97FA-6F7FF3FC297A}.Release|Any CPU.ActiveCfg = Release|Any CPU
		{7FCA3DC7-CA96-400A-97FA-6F7FF3FC297A}.Release|Any CPU.Build.0 = Release|Any CPU
		{1D88C360-7AEB-4F3F-A218-D576D19AA68C}.Debug|Any CPU.ActiveCfg = Debug|Any CPU
		{1D88C360-7AEB-4F3F-A218-D576D19AA68C}.Debug|Any CPU.Build.0 = Debug|Any CPU
		{1D88C360-7AEB-4F3F-A218-D576D19AA68C}.Release|Any CPU.ActiveCfg = Release|Any CPU
		{1D88C360-7AEB-4F3F-A218-D576D19AA68C}.Release|Any CPU.Build.0 = Release|Any CPU
	EndGlobalSection
	GlobalSection(SolutionProperties) = preSolution
		HideSolutionNode = FALSE
	EndGlobalSection
	GlobalSection(ExtensibilityGlobals) = postSolution
		SolutionGuid = {D694E8B1-FB5C-4DAA-A277-E9B6DA48DC8C}
	EndGlobalSection
EndGlobal
