
Microsoft Visual Studio Solution File, Format Version 12.00
# Visual Studio Version 17
VisualStudioVersion = 17.8.34525.116
MinimumVisualStudioVersion = 10.0.40219.1
Project("{FAE04EC0-301F-11D3-BF4B-00C04F79EFBC}") = "TheoryProtocol", "TheoryProtocol\TheoryProtocol.csproj", "{7FCA3DC7-CA96-400A-97FA-6F7FF3FC297A}"
EndProject
Global
	GlobalSection(SolutionConfigurationPlatforms) = preSolution
		Debug|Any CPU = Debug|Any CPU
		Release|Any CPU = Release|Any CPU
	EndGlobalSection
	GlobalSection(ProjectConfigurationPlatforms) = postSolution
		{7FCA3DC7-CA96-400A-97FA-6F7FF3FC297A}.Debug|Any CPU.ActiveCfg = Debug|Any CPU
		{7FCA3DC7-CA96-400A-97FA-6F7FF3FC297A}.Debug|Any CPU.Build.0 = Debug|Any CPU
		{7FCA3DC7-CA96-400A-97FA-6F7FF3FC297A}.Release|Any CPU.ActiveCfg = Release|Any CPU
		{7FCA3DC7-CA96-400A-97FA-6F7FF3FC297A}.Release|Any CPU.Build.0 = Release|Any CPU
	EndGlobalSection
	GlobalSection(SolutionProperties) = preSolution
		HideSolutionNode = FALSE
	EndGlobalSection
	GlobalSection(ExtensibilityGlobals) = postSolution
		SolutionGuid = {D694E8B1-FB5C-4DAA-A277-E9B6DA48DC8C}
	EndGlobalSection
EndGlobal
